version = 1
revision = 3
requires-python = "==3.11.*"

[[package]]
name = "casadi"
version = "3.6.4"
source = { registry = "https://pypi.org/simple" }
dependencies = [
    { name = "numpy" },
]
sdist = { url = "https://files.pythonhosted.org/packages/c0/bd/0ef646ecec767ec32abed2ac7068a96bdd09ba42456b5ac55ff50cd0d81b/casadi-3.6.4.tar.gz", hash = "sha256:affdca1a99c14580992cdf34d247754b7d851080b712c2922ad2e92442eeaa35", size = 5055354, upload-time = "2023-11-18T20:35:01.798Z" }
wheels = [
    { url = "https://files.pythonhosted.org/packages/6c/4e/ce46572942a4b3cf06b678bb2d446070a1a0a1b1b91ec6a150696abbf12c/casadi-3.6.4-cp311-none-macosx_10_13_x86_64.macosx_10_13_intel.whl", hash = "sha256:5e3b1835c084507a9bab54702babace4ce583ae1d4cfd8ced48e046cfce99840", size = 43117922, upload-time = "2023-11-07T06:58:10.487Z" },
    { url = "https://files.pythonhosted.org/packages/f0/4d/a15f8f1cc9336e15eb276f97a24092338a947ffa747f0dd1d1155623fe64/casadi-3.6.4-cp311-none-macosx_11_0_arm64.whl", hash = "sha256:9419556902fd88e3080bf2b9d68b8ddef36187965d355265bb6cd14c2b21126c", size = 43756077, upload-time = "2023-11-07T06:58:43.613Z" },
    { url = "https://files.pythonhosted.org/packages/b5/11/ef111557219c867cc697bb42887b0e8794db436b033b02764a7eafde8324/casadi-3.6.4-cp311-none-manylinux2014_aarch64.whl", hash = "sha256:fc68a796397129a47410250dee74943cdfdc0a7cd2842ae3e1366972623ca7cb", size = 45616842, upload-time = "2023-11-07T06:59:15.993Z" },
    { url = "https://files.pythonhosted.org/packages/33/39/ecc0559cdc141fd7def800d2f91f86088bd447f578f3f52156bb511e988d/casadi-3.6.4-cp311-none-manylinux2014_i686.whl", hash = "sha256:c82eb092dbcd91766c84ddc85044d61a02e78cf716a0ded1e022d966c90b5007", size = 69451428, upload-time = "2023-11-07T07:00:05.08Z" },
    { url = "https://files.pythonhosted.org/packages/a6/5b/b54ca165d9804906f4ad526bdf0984d3ec76a42d011313eacf1520facf60/casadi-3.6.4-cp311-none-manylinux2014_x86_64.whl", hash = "sha256:1a5354a35d32e98a976dd800a4db03b90b462148003d19a1d2809d7c0c972b05", size = 75291248, upload-time = "2023-11-07T07:00:56.427Z" },
    { url = "https://files.pythonhosted.org/packages/ed/c2/d427008cd6e3b5e9d203b194cf954854fdcd33aa28d9a65d39232dc1301a/casadi-3.6.4-cp311-none-win_amd64.whl", hash = "sha256:adcc3f1ab99be4e64ad3bec03c6f2d86412549514a90166a79a306de53d0221a", size = 46015299, upload-time = "2023-11-07T07:01:30.851Z" },
]

[[package]]
name = "contourpy"
version = "1.3.2"
source = { registry = "https://pypi.org/simple" }
dependencies = [
    { name = "numpy" },
]
sdist = { url = "https://files.pythonhosted.org/packages/66/54/eb9bfc647b19f2009dd5c7f5ec51c4e6ca831725f1aea7a993034f483147/contourpy-1.3.2.tar.gz", hash = "sha256:b6945942715a034c671b7fc54f9588126b0b8bf23db2696e3ca8328f3ff0ab54", size = 13466130, upload-time = "2025-04-15T17:47:53.79Z" }
wheels = [
    { url = "https://files.pythonhosted.org/packages/b3/b9/ede788a0b56fc5b071639d06c33cb893f68b1178938f3425debebe2dab78/contourpy-1.3.2-cp311-cp311-macosx_10_9_x86_64.whl", hash = "sha256:6a37a2fb93d4df3fc4c0e363ea4d16f83195fc09c891bc8ce072b9d084853445", size = 269636, upload-time = "2025-04-15T17:35:54.473Z" },
    { url = "https://files.pythonhosted.org/packages/e6/75/3469f011d64b8bbfa04f709bfc23e1dd71be54d05b1b083be9f5b22750d1/contourpy-1.3.2-cp311-cp311-macosx_11_0_arm64.whl", hash = "sha256:b7cd50c38f500bbcc9b6a46643a40e0913673f869315d8e70de0438817cb7773", size = 254636, upload-time = "2025-04-15T17:35:58.283Z" },
    { url = "https://files.pythonhosted.org/packages/8d/2f/95adb8dae08ce0ebca4fd8e7ad653159565d9739128b2d5977806656fcd2/contourpy-1.3.2-cp311-cp311-manylinux_2_17_aarch64.manylinux2014_aarch64.whl", hash = "sha256:d6658ccc7251a4433eebd89ed2672c2ed96fba367fd25ca9512aa92a4b46c4f1", size = 313053, upload-time = "2025-04-15T17:36:03.235Z" },
    { url = "https://files.pythonhosted.org/packages/c3/a6/8ccf97a50f31adfa36917707fe39c9a0cbc24b3bbb58185577f119736cc9/contourpy-1.3.2-cp311-cp311-manylinux_2_17_ppc64le.manylinux2014_ppc64le.whl", hash = "sha256:70771a461aaeb335df14deb6c97439973d253ae70660ca085eec25241137ef43", size = 352985, upload-time = "2025-04-15T17:36:08.275Z" },
    { url = "https://files.pythonhosted.org/packages/1d/b6/7925ab9b77386143f39d9c3243fdd101621b4532eb126743201160ffa7e6/contourpy-1.3.2-cp311-cp311-manylinux_2_17_s390x.manylinux2014_s390x.whl", hash = "sha256:65a887a6e8c4cd0897507d814b14c54a8c2e2aa4ac9f7686292f9769fcf9a6ab", size = 323750, upload-time = "2025-04-15T17:36:13.29Z" },
    { url = "https://files.pythonhosted.org/packages/c2/f3/20c5d1ef4f4748e52d60771b8560cf00b69d5c6368b5c2e9311bcfa2a08b/contourpy-1.3.2-cp311-cp311-manylinux_2_17_x86_64.manylinux2014_x86_64.whl", hash = "sha256:3859783aefa2b8355697f16642695a5b9792e7a46ab86da1118a4a23a51a33d7", size = 326246, upload-time = "2025-04-15T17:36:18.329Z" },
    { url = "https://files.pythonhosted.org/packages/8c/e5/9dae809e7e0b2d9d70c52b3d24cba134dd3dad979eb3e5e71f5df22ed1f5/contourpy-1.3.2-cp311-cp311-musllinux_1_2_aarch64.whl", hash = "sha256:eab0f6db315fa4d70f1d8ab514e527f0366ec021ff853d7ed6a2d33605cf4b83", size = 1308728, upload-time = "2025-04-15T17:36:33.878Z" },
    { url = "https://files.pythonhosted.org/packages/e2/4a/0058ba34aeea35c0b442ae61a4f4d4ca84d6df8f91309bc2d43bb8dd248f/contourpy-1.3.2-cp311-cp311-musllinux_1_2_x86_64.whl", hash = "sha256:d91a3ccc7fea94ca0acab82ceb77f396d50a1f67412efe4c526f5d20264e6ecd", size = 1375762, upload-time = "2025-04-15T17:36:51.295Z" },
    { url = "https://files.pythonhosted.org/packages/09/33/7174bdfc8b7767ef2c08ed81244762d93d5c579336fc0b51ca57b33d1b80/contourpy-1.3.2-cp311-cp311-win32.whl", hash = "sha256:1c48188778d4d2f3d48e4643fb15d8608b1d01e4b4d6b0548d9b336c28fc9b6f", size = 178196, upload-time = "2025-04-15T17:36:55.002Z" },
    { url = "https://files.pythonhosted.org/packages/5e/fe/4029038b4e1c4485cef18e480b0e2cd2d755448bb071eb9977caac80b77b/contourpy-1.3.2-cp311-cp311-win_amd64.whl", hash = "sha256:5ebac872ba09cb8f2131c46b8739a7ff71de28a24c869bcad554477eb089a878", size = 222017, upload-time = "2025-04-15T17:36:58.576Z" },
    { url = "https://files.pythonhosted.org/packages/ff/c0/91f1215d0d9f9f343e4773ba6c9b89e8c0cc7a64a6263f21139da639d848/contourpy-1.3.2-pp311-pypy311_pp73-macosx_10_15_x86_64.whl", hash = "sha256:5f5964cdad279256c084b69c3f412b7801e15356b16efa9d78aa974041903da0", size = 266807, upload-time = "2025-04-15T17:45:15.535Z" },
    { url = "https://files.pythonhosted.org/packages/d4/79/6be7e90c955c0487e7712660d6cead01fa17bff98e0ea275737cc2bc8e71/contourpy-1.3.2-pp311-pypy311_pp73-manylinux_2_17_x86_64.manylinux2014_x86_64.whl", hash = "sha256:49b65a95d642d4efa8f64ba12558fcb83407e58a2dfba9d796d77b63ccfcaff5", size = 318729, upload-time = "2025-04-15T17:45:20.166Z" },
    { url = "https://files.pythonhosted.org/packages/87/68/7f46fb537958e87427d98a4074bcde4b67a70b04900cfc5ce29bc2f556c1/contourpy-1.3.2-pp311-pypy311_pp73-win_amd64.whl", hash = "sha256:8c5acb8dddb0752bf252e01a3035b21443158910ac16a3b0d20e7fed7d534ce5", size = 221791, upload-time = "2025-04-15T17:45:24.794Z" },
]

[[package]]
name = "cycler"
version = "0.12.1"
source = { registry = "https://pypi.org/simple" }
sdist = { url = "https://files.pythonhosted.org/packages/a9/95/a3dbbb5028f35eafb79008e7522a75244477d2838f38cbb722248dabc2a8/cycler-0.12.1.tar.gz", hash = "sha256:88bb128f02ba341da8ef447245a9e138fae777f6a23943da4540077d3601eb1c", size = 7615, upload-time = "2023-10-07T05:32:18.335Z" }
wheels = [
    { url = "https://files.pythonhosted.org/packages/e7/05/c19819d5e3d95294a6f5947fb9b9629efb316b96de511b418c53d245aae6/cycler-0.12.1-py3-none-any.whl", hash = "sha256:85cef7cff222d8644161529808465972e51340599459b8ac3ccbac5a854e0d30", size = 8321, upload-time = "2023-10-07T05:32:16.783Z" },
]

[[package]]
name = "fonttools"
version = "4.60.0"
source = { registry = "https://pypi.org/simple" }
sdist = { url = "https://files.pythonhosted.org/packages/27/d9/4eabd956fe123651a1f0efe29d9758b3837b5ae9a98934bdb571117033bb/fonttools-4.60.0.tar.gz", hash = "sha256:8f5927f049091a0ca74d35cce7f78e8f7775c83a6901a8fbe899babcc297146a", size = 3553671, upload-time = "2025-09-17T11:34:01.504Z" }
wheels = [
    { url = "https://files.pythonhosted.org/packages/da/3d/c57731fbbf204ef1045caca28d5176430161ead73cd9feac3e9d9ef77ee6/fonttools-4.60.0-cp311-cp311-macosx_10_9_universal2.whl", hash = "sha256:a9106c202d68ff5f9b4a0094c4d7ad2eaa7e9280f06427b09643215e706eb016", size = 2830883, upload-time = "2025-09-17T11:32:10.552Z" },
    { url = "https://files.pythonhosted.org/packages/cc/2d/b7a6ebaed464ce441c755252cc222af11edc651d17c8f26482f429cc2c0e/fonttools-4.60.0-cp311-cp311-macosx_10_9_x86_64.whl", hash = "sha256:9da3a4a3f2485b156bb429b4f8faa972480fc01f553f7c8c80d05d48f17eec89", size = 2356005, upload-time = "2025-09-17T11:32:13.248Z" },
    { url = "https://files.pythonhosted.org/packages/ee/c2/ea834e921324e2051403e125c1fe0bfbdde4951a7c1784e4ae6bdbd286cc/fonttools-4.60.0-cp311-cp311-manylinux2014_aarch64.manylinux_2_17_aarch64.manylinux_2_28_aarch64.whl", hash = "sha256:1f84de764c6057b2ffd4feb50ddef481d92e348f0c70f2c849b723118d352bf3", size = 5041201, upload-time = "2025-09-17T11:32:15.373Z" },
    { url = "https://files.pythonhosted.org/packages/93/3c/1c64a338e9aa410d2d0728827d5bb1301463078cb225b94589f27558b427/fonttools-4.60.0-cp311-cp311-manylinux2014_x86_64.manylinux_2_17_x86_64.whl", hash = "sha256:800b3fa0d5c12ddff02179d45b035a23989a6c597a71c8035c010fff3b2ef1bb", size = 4977696, upload-time = "2025-09-17T11:32:17.674Z" },
    { url = "https://files.pythonhosted.org/packages/07/cc/c8c411a0d9732bb886b870e052f20658fec9cf91118314f253950d2c1d65/fonttools-4.60.0-cp311-cp311-musllinux_1_2_aarch64.whl", hash = "sha256:8dd68f60b030277f292a582d31c374edfadc60bb33d51ec7b6cd4304531819ba", size = 5020386, upload-time = "2025-09-17T11:32:20.089Z" },
    { url = "https://files.pythonhosted.org/packages/13/01/1d3bc07cf92e7f4fc27f06d4494bf6078dc595b2e01b959157a4fd23df12/fonttools-4.60.0-cp311-cp311-musllinux_1_2_x86_64.whl", hash = "sha256:53328e3ca9e5c8660ef6de07c35f8f312c189b757535e12141be7a8ec942de6e", size = 5131575, upload-time = "2025-09-17T11:32:22.582Z" },
    { url = "https://files.pythonhosted.org/packages/5a/16/08db3917ee19e89d2eb0ee637d37cd4136c849dc421ff63f406b9165c1a1/fonttools-4.60.0-cp311-cp311-win32.whl", hash = "sha256:d493c175ddd0b88a5376e61163e3e6fde3be8b8987db9b092e0a84650709c9e7", size = 2229297, upload-time = "2025-09-17T11:32:24.834Z" },
    { url = "https://files.pythonhosted.org/packages/d2/0b/76764da82c0dfcea144861f568d9e83f4b921e84f2be617b451257bb25a7/fonttools-4.60.0-cp311-cp311-win_amd64.whl", hash = "sha256:cc2770c9dc49c2d0366e9683f4d03beb46c98042d7ccc8ddbadf3459ecb051a7", size = 2277193, upload-time = "2025-09-17T11:32:27.094Z" },
    { url = "https://files.pythonhosted.org/packages/f9/a4/247d3e54eb5ed59e94e09866cfc4f9567e274fbf310ba390711851f63b3b/fonttools-4.60.0-py3-none-any.whl", hash = "sha256:496d26e4d14dcccdd6ada2e937e4d174d3138e3d73f5c9b6ec6eb2fd1dab4f66", size = 1142186, upload-time = "2025-09-17T11:33:59.287Z" },
]

[[package]]
name = "joblib"
version = "1.5.2"
source = { registry = "https://pypi.org/simple" }
sdist = { url = "https://files.pythonhosted.org/packages/e8/5d/447af5ea094b9e4c4054f82e223ada074c552335b9b4b2d14bd9b35a67c4/joblib-1.5.2.tar.gz", hash = "sha256:3faa5c39054b2f03ca547da9b2f52fde67c06240c31853f306aea97f13647b55", size = 331077, upload-time = "2025-08-27T12:15:46.575Z" }
wheels = [
    { url = "https://files.pythonhosted.org/packages/1e/e8/685f47e0d754320684db4425a0967f7d3fa70126bffd76110b7009a0090f/joblib-1.5.2-py3-none-any.whl", hash = "sha256:4e1f0bdbb987e6d843c70cf43714cb276623def372df3c22fe5266b2670bc241", size = 308396, upload-time = "2025-08-27T12:15:45.188Z" },
]

[[package]]
name = "kiwisolver"
version = "1.4.9"
source = { registry = "https://pypi.org/simple" }
sdist = { url = "https://files.pythonhosted.org/packages/5c/3c/85844f1b0feb11ee581ac23fe5fce65cd049a200c1446708cc1b7f922875/kiwisolver-1.4.9.tar.gz", hash = "sha256:c3b22c26c6fd6811b0ae8363b95ca8ce4ea3c202d3d0975b2914310ceb1bcc4d", size = 97564, upload-time = "2025-08-10T21:27:49.279Z" }
wheels = [
    { url = "https://files.pythonhosted.org/packages/6f/ab/c80b0d5a9d8a1a65f4f815f2afff9798b12c3b9f31f1d304dd233dd920e2/kiwisolver-1.4.9-cp311-cp311-macosx_10_9_universal2.whl", hash = "sha256:eb14a5da6dc7642b0f3a18f13654847cd8b7a2550e2645a5bda677862b03ba16", size = 124167, upload-time = "2025-08-10T21:25:53.403Z" },
    { url = "https://files.pythonhosted.org/packages/a0/c0/27fe1a68a39cf62472a300e2879ffc13c0538546c359b86f149cc19f6ac3/kiwisolver-1.4.9-cp311-cp311-macosx_10_9_x86_64.whl", hash = "sha256:39a219e1c81ae3b103643d2aedb90f1ef22650deb266ff12a19e7773f3e5f089", size = 66579, upload-time = "2025-08-10T21:25:54.79Z" },
    { url = "https://files.pythonhosted.org/packages/31/a2/a12a503ac1fd4943c50f9822678e8015a790a13b5490354c68afb8489814/kiwisolver-1.4.9-cp311-cp311-macosx_11_0_arm64.whl", hash = "sha256:2405a7d98604b87f3fc28b1716783534b1b4b8510d8142adca34ee0bc3c87543", size = 65309, upload-time = "2025-08-10T21:25:55.76Z" },
    { url = "https://files.pythonhosted.org/packages/66/e1/e533435c0be77c3f64040d68d7a657771194a63c279f55573188161e81ca/kiwisolver-1.4.9-cp311-cp311-manylinux2014_x86_64.manylinux_2_17_x86_64.whl", hash = "sha256:dc1ae486f9abcef254b5618dfb4113dd49f94c68e3e027d03cf0143f3f772b61", size = 1435596, upload-time = "2025-08-10T21:25:56.861Z" },
    { url = "https://files.pythonhosted.org/packages/67/1e/51b73c7347f9aabdc7215aa79e8b15299097dc2f8e67dee2b095faca9cb0/kiwisolver-1.4.9-cp311-cp311-manylinux_2_24_aarch64.manylinux_2_28_aarch64.whl", hash = "sha256:8a1f570ce4d62d718dce3f179ee78dac3b545ac16c0c04bb363b7607a949c0d1", size = 1246548, upload-time = "2025-08-10T21:25:58.246Z" },
    { url = "https://files.pythonhosted.org/packages/21/aa/72a1c5d1e430294f2d32adb9542719cfb441b5da368d09d268c7757af46c/kiwisolver-1.4.9-cp311-cp311-manylinux_2_24_ppc64le.manylinux_2_28_ppc64le.whl", hash = "sha256:cb27e7b78d716c591e88e0a09a2139c6577865d7f2e152488c2cc6257f460872", size = 1263618, upload-time = "2025-08-10T21:25:59.857Z" },
    { url = "https://files.pythonhosted.org/packages/a3/af/db1509a9e79dbf4c260ce0cfa3903ea8945f6240e9e59d1e4deb731b1a40/kiwisolver-1.4.9-cp311-cp311-manylinux_2_24_s390x.manylinux_2_28_s390x.whl", hash = "sha256:15163165efc2f627eb9687ea5f3a28137217d217ac4024893d753f46bce9de26", size = 1317437, upload-time = "2025-08-10T21:26:01.105Z" },
    { url = "https://files.pythonhosted.org/packages/e0/f2/3ea5ee5d52abacdd12013a94130436e19969fa183faa1e7c7fbc89e9a42f/kiwisolver-1.4.9-cp311-cp311-musllinux_1_2_aarch64.whl", hash = "sha256:bdee92c56a71d2b24c33a7d4c2856bd6419d017e08caa7802d2963870e315028", size = 2195742, upload-time = "2025-08-10T21:26:02.675Z" },
    { url = "https://files.pythonhosted.org/packages/6f/9b/1efdd3013c2d9a2566aa6a337e9923a00590c516add9a1e89a768a3eb2fc/kiwisolver-1.4.9-cp311-cp311-musllinux_1_2_ppc64le.whl", hash = "sha256:412f287c55a6f54b0650bd9b6dce5aceddb95864a1a90c87af16979d37c89771", size = 2290810, upload-time = "2025-08-10T21:26:04.009Z" },
    { url = "https://files.pythonhosted.org/packages/fb/e5/cfdc36109ae4e67361f9bc5b41323648cb24a01b9ade18784657e022e65f/kiwisolver-1.4.9-cp311-cp311-musllinux_1_2_s390x.whl", hash = "sha256:2c93f00dcba2eea70af2be5f11a830a742fe6b579a1d4e00f47760ef13be247a", size = 2461579, upload-time = "2025-08-10T21:26:05.317Z" },
    { url = "https://files.pythonhosted.org/packages/62/86/b589e5e86c7610842213994cdea5add00960076bef4ae290c5fa68589cac/kiwisolver-1.4.9-cp311-cp311-musllinux_1_2_x86_64.whl", hash = "sha256:f117e1a089d9411663a3207ba874f31be9ac8eaa5b533787024dc07aeb74f464", size = 2268071, upload-time = "2025-08-10T21:26:06.686Z" },
    { url = "https://files.pythonhosted.org/packages/3b/c6/f8df8509fd1eee6c622febe54384a96cfaf4d43bf2ccec7a0cc17e4715c9/kiwisolver-1.4.9-cp311-cp311-win_amd64.whl", hash = "sha256:be6a04e6c79819c9a8c2373317d19a96048e5a3f90bec587787e86a1153883c2", size = 73840, upload-time = "2025-08-10T21:26:07.94Z" },
    { url = "https://files.pythonhosted.org/packages/e2/2d/16e0581daafd147bc11ac53f032a2b45eabac897f42a338d0a13c1e5c436/kiwisolver-1.4.9-cp311-cp311-win_arm64.whl", hash = "sha256:0ae37737256ba2de764ddc12aed4956460277f00c4996d51a197e72f62f5eec7", size = 65159, upload-time = "2025-08-10T21:26:09.048Z" },
    { url = "https://files.pythonhosted.org/packages/a3/0f/36d89194b5a32c054ce93e586d4049b6c2c22887b0eb229c61c68afd3078/kiwisolver-1.4.9-pp311-pypy311_pp73-macosx_10_15_x86_64.whl", hash = "sha256:720e05574713db64c356e86732c0f3c5252818d05f9df320f0ad8380641acea5", size = 60104, upload-time = "2025-08-10T21:27:43.287Z" },
    { url = "https://files.pythonhosted.org/packages/52/ba/4ed75f59e4658fd21fe7dde1fee0ac397c678ec3befba3fe6482d987af87/kiwisolver-1.4.9-pp311-pypy311_pp73-macosx_11_0_arm64.whl", hash = "sha256:17680d737d5335b552994a2008fab4c851bcd7de33094a82067ef3a576ff02fa", size = 58592, upload-time = "2025-08-10T21:27:44.314Z" },
    { url = "https://files.pythonhosted.org/packages/33/01/a8ea7c5ea32a9b45ceeaee051a04c8ed4320f5add3c51bfa20879b765b70/kiwisolver-1.4.9-pp311-pypy311_pp73-manylinux2014_x86_64.manylinux_2_17_x86_64.whl", hash = "sha256:85b5352f94e490c028926ea567fc569c52ec79ce131dadb968d3853e809518c2", size = 80281, upload-time = "2025-08-10T21:27:45.369Z" },
    { url = "https://files.pythonhosted.org/packages/da/e3/dbd2ecdce306f1d07a1aaf324817ee993aab7aee9db47ceac757deabafbe/kiwisolver-1.4.9-pp311-pypy311_pp73-manylinux_2_24_aarch64.manylinux_2_28_aarch64.whl", hash = "sha256:464415881e4801295659462c49461a24fb107c140de781d55518c4b80cb6790f", size = 78009, upload-time = "2025-08-10T21:27:46.376Z" },
    { url = "https://files.pythonhosted.org/packages/da/e9/0d4add7873a73e462aeb45c036a2dead2562b825aa46ba326727b3f31016/kiwisolver-1.4.9-pp311-pypy311_pp73-win_amd64.whl", hash = "sha256:fb940820c63a9590d31d88b815e7a3aa5915cad3ce735ab45f0c730b39547de1", size = 73929, upload-time = "2025-08-10T21:27:48.236Z" },
]

[[package]]
name = "manywells"
version = "0.1.0"
source = { editable = "." }
dependencies = [
    { name = "casadi" },
    { name = "matplotlib" },
    { name = "numpy" },
    { name = "pandas" },
    { name = "scikit-learn" },
    { name = "seaborn" },
]

[package.metadata]
requires-dist = [
    { name = "casadi", specifier = "==3.6.4" },
    { name = "matplotlib", specifier = "==3.7.2" },
    { name = "numpy", specifier = "==1.24.3" },
    { name = "pandas", specifier = "==1.5.3" },
    { name = "scikit-learn", specifier = "==1.3.0" },
    { name = "seaborn", specifier = "==0.13.2" },
]

[[package]]
name = "matplotlib"
version = "3.7.2"
source = { registry = "https://pypi.org/simple" }
dependencies = [
    { name = "contourpy" },
    { name = "cycler" },
    { name = "fonttools" },
    { name = "kiwisolver" },
    { name = "numpy" },
    { name = "packaging" },
    { name = "pillow" },
    { name = "pyparsing" },
    { name = "python-dateutil" },
]
sdist = { url = "https://files.pythonhosted.org/packages/e5/59/b859fa2539b4121b016ea85758188203522fc12b0711de8b247cfec3cdac/matplotlib-3.7.2.tar.gz", hash = "sha256:a8cdb91dddb04436bd2f098b8fdf4b81352e68cf4d2c6756fcc414791076569b", size = 38095843, upload-time = "2023-07-05T21:01:24.243Z" }
wheels = [
    { url = "https://files.pythonhosted.org/packages/5d/23/5efd23e54a6992df25b656956576781e8c8064acc570c0f6f3dbf0a573f0/matplotlib-3.7.2-cp311-cp311-macosx_10_12_universal2.whl", hash = "sha256:30e1409b857aa8a747c5d4f85f63a79e479835f8dffc52992ac1f3f25837b544", size = 8316638, upload-time = "2023-07-05T21:02:15.038Z" },
    { url = "https://files.pythonhosted.org/packages/7e/2c/1e25437f4419f2828bbd213be42c8fd23a3b795c5c4bb776987d177fc615/matplotlib-3.7.2-cp311-cp311-macosx_10_12_x86_64.whl", hash = "sha256:50e0a55ec74bf2d7a0ebf50ac580a209582c2dd0f7ab51bc270f1b4a0027454e", size = 7432281, upload-time = "2023-07-05T21:02:17.834Z" },
    { url = "https://files.pythonhosted.org/packages/f6/22/9c31044ff7339c63727a135872e5cb59564f11625372a81c3eebf148f4af/matplotlib-3.7.2-cp311-cp311-macosx_11_0_arm64.whl", hash = "sha256:ac60daa1dc83e8821eed155796b0f7888b6b916cf61d620a4ddd8200ac70cd64", size = 7335746, upload-time = "2023-07-05T21:02:23.352Z" },
    { url = "https://files.pythonhosted.org/packages/85/7c/7ad0e30d26afc8913248e4aa71cc360944d3ccff38ed78f6a4578bd9ff73/matplotlib-3.7.2-cp311-cp311-manylinux_2_17_aarch64.manylinux2014_aarch64.whl", hash = "sha256:305e3da477dc8607336ba10bac96986d6308d614706cae2efe7d3ffa60465b24", size = 11355003, upload-time = "2023-07-05T21:02:26.595Z" },
    { url = "https://files.pythonhosted.org/packages/f3/3c/b6f83a7e516aa4058b3878107390b6d9dfb24491a5018937886b54008e0b/matplotlib-3.7.2-cp311-cp311-manylinux_2_17_i686.manylinux2014_i686.whl", hash = "sha256:1c308b255efb9b06b23874236ec0f10f026673ad6515f602027cc8ac7805352d", size = 11458429, upload-time = "2023-07-05T21:02:36.242Z" },
    { url = "https://files.pythonhosted.org/packages/4f/d7/3303f11188122f66c940056f162d030992e7fbc9c702869bab163e85156b/matplotlib-3.7.2-cp311-cp311-manylinux_2_17_x86_64.manylinux2014_x86_64.whl", hash = "sha256:60c521e21031632aa0d87ca5ba0c1c05f3daacadb34c093585a0be6780f698e4", size = 11580250, upload-time = "2023-07-05T21:02:40.073Z" },
    { url = "https://files.pythonhosted.org/packages/f6/e4/9621a1ec9312ca20f18c045690757f2276fb980d1b2beb23a7ee28d914db/matplotlib-3.7.2-cp311-cp311-win32.whl", hash = "sha256:26bede320d77e469fdf1bde212de0ec889169b04f7f1179b8930d66f82b30cbc", size = 7337762, upload-time = "2023-07-05T21:02:47.437Z" },
    { url = "https://files.pythonhosted.org/packages/4d/9c/65830d4a56c47f5283eaa244dc1228c5da9c844a9f999ebcc2e69bf6cc65/matplotlib-3.7.2-cp311-cp311-win_amd64.whl", hash = "sha256:af4860132c8c05261a5f5f8467f1b269bf1c7c23902d75f2be57c4a7f2394b3e", size = 7504588, upload-time = "2023-07-05T21:02:49.783Z" },
]

[[package]]
name = "numpy"
version = "1.24.3"
source = { registry = "https://pypi.org/simple" }
sdist = { url = "https://files.pythonhosted.org/packages/2c/d4/590ae7df5044465cc9fa2db152ae12468694d62d952b1528ecff328ef7fc/numpy-1.24.3.tar.gz", hash = "sha256:ab344f1bf21f140adab8e47fdbc7c35a477dc01408791f8ba00d018dd0bc5155", size = 10909904, upload-time = "2023-04-22T21:44:47.789Z" }
wheels = [
    { url = "https://files.pythonhosted.org/packages/ec/7d/f69c47ea3db0cd8ca444aec241a80b538eb176ae756820489a9d2946ec8c/numpy-1.24.3-cp311-cp311-macosx_10_9_x86_64.whl", hash = "sha256:9a7721ec204d3a237225db3e194c25268faf92e19338a35f3a224469cb6039a3", size = 19775092, upload-time = "2023-04-22T21:31:57.734Z" },
    { url = "https://files.pythonhosted.org/packages/ee/6c/7217a8844dfe22e349bccbecd35571fa72c5d7fe8b33d8c5540e8cc2535c/numpy-1.24.3-cp311-cp311-macosx_11_0_arm64.whl", hash = "sha256:d6cc757de514c00b24ae8cf5c876af2a7c3df189028d68c0cb4eaa9cd5afc2bf", size = 13839692, upload-time = "2023-04-22T21:32:18.71Z" },
    { url = "https://files.pythonhosted.org/packages/72/eb/9c77bbc4d2b4ca17ef253621794a2d42897d896f86cd493db3eabe1a7d25/numpy-1.24.3-cp311-cp311-manylinux_2_17_aarch64.manylinux2014_aarch64.whl", hash = "sha256:76e3f4e85fc5d4fd311f6e9b794d0c00e7002ec122be271f2019d63376f1d385", size = 13991538, upload-time = "2023-04-22T21:32:40.184Z" },
    { url = "https://files.pythonhosted.org/packages/82/19/321d369ede7458500f59151101470129d14f3b6768bb9b99bb7156f526b5/numpy-1.24.3-cp311-cp311-manylinux_2_17_x86_64.manylinux2014_x86_64.whl", hash = "sha256:a1d3c026f57ceaad42f8231305d4653d5f05dc6332a730ae5c0bea3513de0950", size = 17278482, upload-time = "2023-04-22T21:33:05.897Z" },
    { url = "https://files.pythonhosted.org/packages/94/84/ed45416c8319c02348a5812d5647796a0833e3fb5576d01758f2a72e9200/numpy-1.24.3-cp311-cp311-win32.whl", hash = "sha256:c91c4afd8abc3908e00a44b2672718905b8611503f7ff87390cc0ac3423fb096", size = 12422096, upload-time = "2023-04-22T21:33:24.783Z" },
    { url = "https://files.pythonhosted.org/packages/f0/e8/1ea9adebdccaadfc208c7517e09f5145ed5a73069779ff436393085d47a2/numpy-1.24.3-cp311-cp311-win_amd64.whl", hash = "sha256:5342cf6aad47943286afa6f1609cad9b4266a05e7f2ec408e2cf7aea7ff69d80", size = 14833773, upload-time = "2023-04-22T21:33:47.309Z" },
]

[[package]]
name = "packaging"
version = "25.0"
source = { registry = "https://pypi.org/simple" }
sdist = { url = "https://files.pythonhosted.org/packages/a1/d4/1fc4078c65507b51b96ca8f8c3ba19e6a61c8253c72794544580a7b6c24d/packaging-25.0.tar.gz", hash = "sha256:d443872c98d677bf60f6a1f2f8c1cb748e8fe762d2bf9d3148b5599295b0fc4f", size = 165727, upload-time = "2025-04-19T11:48:59.673Z" }
wheels = [
    { url = "https://files.pythonhosted.org/packages/20/12/38679034af332785aac8774540895e234f4d07f7545804097de4b666afd8/packaging-25.0-py3-none-any.whl", hash = "sha256:29572ef2b1f17581046b3a2227d5c611fb25ec70ca1ba8554b24b0e69331a484", size = 66469, upload-time = "2025-04-19T11:48:57.875Z" },
]

[[package]]
name = "pandas"
version = "1.5.3"
source = { registry = "https://pypi.org/simple" }
dependencies = [
    { name = "numpy" },
    { name = "python-dateutil" },
    { name = "pytz" },
]
sdist = { url = "https://files.pythonhosted.org/packages/74/ee/146cab1ff6d575b54ace8a6a5994048380dc94879b0125b25e62edcb9e52/pandas-1.5.3.tar.gz", hash = "sha256:74a3fd7e5a7ec052f183273dc7b0acd3a863edf7520f5d3a1765c04ffdb3b0b1", size = 5203060, upload-time = "2023-01-19T08:31:39.615Z" }
wheels = [
    { url = "https://files.pythonhosted.org/packages/e2/24/a26af514113fd5eca2d8fe41ba4f22f70dfe6afefde4a6beb6a203570935/pandas-1.5.3-cp311-cp311-macosx_10_9_universal2.whl", hash = "sha256:6973549c01ca91ec96199e940495219c887ea815b2083722821f1d7abfa2b4dc", size = 18387750, upload-time = "2023-01-19T08:29:43.119Z" },
    { url = "https://files.pythonhosted.org/packages/53/c9/d2f910dace7ef849b626980d0fd033b9cded36568949c8d560c9630ad2e0/pandas-1.5.3-cp311-cp311-macosx_10_9_x86_64.whl", hash = "sha256:c39a8da13cede5adcd3be1182883aea1c925476f4e84b2807a46e2775306305d", size = 11868668, upload-time = "2023-01-19T08:29:48.733Z" },
    { url = "https://files.pythonhosted.org/packages/b0/be/1843b9aff84b98899663e7cad9f45513dfdd11d69cb5bd85c648aaf6a8d4/pandas-1.5.3-cp311-cp311-macosx_11_0_arm64.whl", hash = "sha256:f76d097d12c82a535fda9dfe5e8dd4127952b45fea9b0276cb30cca5ea313fbc", size = 10814036, upload-time = "2023-01-19T08:29:54.886Z" },
    { url = "https://files.pythonhosted.org/packages/63/8d/c2bd356b9d4baf1c5cf8d7e251fb4540e87083072c905430da48c2bb31eb/pandas-1.5.3-cp311-cp311-manylinux_2_17_aarch64.manylinux2014_aarch64.whl", hash = "sha256:e474390e60ed609cec869b0da796ad94f420bb057d86784191eefc62b65819ae", size = 11374218, upload-time = "2023-01-19T08:30:00.5Z" },
    { url = "https://files.pythonhosted.org/packages/56/73/3351beeb807dca69fcc3c4966bcccc51552bd01549a9b13c04ab00a43f21/pandas-1.5.3-cp311-cp311-manylinux_2_17_x86_64.manylinux2014_x86_64.whl", hash = "sha256:5f2b952406a1588ad4cad5b3f55f520e82e902388a6d5a4a91baa8d38d23c7f6", size = 12017319, upload-time = "2023-01-19T08:30:06.097Z" },
    { url = "https://files.pythonhosted.org/packages/da/6d/1235da14daddaa6e47f74ba0c255358f0ce7a6ee05da8bf8eb49161aa6b5/pandas-1.5.3-cp311-cp311-win_amd64.whl", hash = "sha256:bc4c368f42b551bf72fac35c5128963a171b40dce866fb066540eeaf46faa003", size = 10303385, upload-time = "2023-01-19T08:30:11.148Z" },
]

[[package]]
name = "pillow"
version = "11.3.0"
source = { registry = "https://pypi.org/simple" }
sdist = { url = "https://files.pythonhosted.org/packages/f3/0d/d0d6dea55cd152ce3d6767bb38a8fc10e33796ba4ba210cbab9354b6d238/pillow-11.3.0.tar.gz", hash = "sha256:3828ee7586cd0b2091b6209e5ad53e20d0649bbe87164a459d0676e035e8f523", size = 47113069, upload-time = "2025-07-01T09:16:30.666Z" }
wheels = [
    { url = "https://files.pythonhosted.org/packages/db/26/77f8ed17ca4ffd60e1dcd220a6ec6d71210ba398cfa33a13a1cd614c5613/pillow-11.3.0-cp311-cp311-macosx_10_10_x86_64.whl", hash = "sha256:1cd110edf822773368b396281a2293aeb91c90a2db00d78ea43e7e861631b722", size = 5316531, upload-time = "2025-07-01T09:13:59.203Z" },
    { url = "https://files.pythonhosted.org/packages/cb/39/ee475903197ce709322a17a866892efb560f57900d9af2e55f86db51b0a5/pillow-11.3.0-cp311-cp311-macosx_11_0_arm64.whl", hash = "sha256:9c412fddd1b77a75aa904615ebaa6001f169b26fd467b4be93aded278266b288", size = 4686560, upload-time = "2025-07-01T09:14:01.101Z" },
    { url = "https://files.pythonhosted.org/packages/d5/90/442068a160fd179938ba55ec8c97050a612426fae5ec0a764e345839f76d/pillow-11.3.0-cp311-cp311-manylinux2014_aarch64.manylinux_2_17_aarch64.whl", hash = "sha256:7d1aa4de119a0ecac0a34a9c8bde33f34022e2e8f99104e47a3ca392fd60e37d", size = 5870978, upload-time = "2025-07-03T13:09:55.638Z" },
    { url = "https://files.pythonhosted.org/packages/13/92/dcdd147ab02daf405387f0218dcf792dc6dd5b14d2573d40b4caeef01059/pillow-11.3.0-cp311-cp311-manylinux2014_x86_64.manylinux_2_17_x86_64.whl", hash = "sha256:91da1d88226663594e3f6b4b8c3c8d85bd504117d043740a8e0ec449087cc494", size = 7641168, upload-time = "2025-07-03T13:10:00.37Z" },
    { url = "https://files.pythonhosted.org/packages/6e/db/839d6ba7fd38b51af641aa904e2960e7a5644d60ec754c046b7d2aee00e5/pillow-11.3.0-cp311-cp311-manylinux_2_27_aarch64.manylinux_2_28_aarch64.whl", hash = "sha256:643f189248837533073c405ec2f0bb250ba54598cf80e8c1e043381a60632f58", size = 5973053, upload-time = "2025-07-01T09:14:04.491Z" },
    { url = "https://files.pythonhosted.org/packages/f2/2f/d7675ecae6c43e9f12aa8d58b6012683b20b6edfbdac7abcb4e6af7a3784/pillow-11.3.0-cp311-cp311-manylinux_2_27_x86_64.manylinux_2_28_x86_64.whl", hash = "sha256:106064daa23a745510dabce1d84f29137a37224831d88eb4ce94bb187b1d7e5f", size = 6640273, upload-time = "2025-07-01T09:14:06.235Z" },
    { url = "https://files.pythonhosted.org/packages/45/ad/931694675ede172e15b2ff03c8144a0ddaea1d87adb72bb07655eaffb654/pillow-11.3.0-cp311-cp311-musllinux_1_2_aarch64.whl", hash = "sha256:cd8ff254faf15591e724dc7c4ddb6bf4793efcbe13802a4ae3e863cd300b493e", size = 6082043, upload-time = "2025-07-01T09:14:07.978Z" },
    { url = "https://files.pythonhosted.org/packages/3a/04/ba8f2b11fc80d2dd462d7abec16351b45ec99cbbaea4387648a44190351a/pillow-11.3.0-cp311-cp311-musllinux_1_2_x86_64.whl", hash = "sha256:932c754c2d51ad2b2271fd01c3d121daaa35e27efae2a616f77bf164bc0b3e94", size = 6715516, upload-time = "2025-07-01T09:14:10.233Z" },
    { url = "https://files.pythonhosted.org/packages/48/59/8cd06d7f3944cc7d892e8533c56b0acb68399f640786313275faec1e3b6f/pillow-11.3.0-cp311-cp311-win32.whl", hash = "sha256:b4b8f3efc8d530a1544e5962bd6b403d5f7fe8b9e08227c6b255f98ad82b4ba0", size = 6274768, upload-time = "2025-07-01T09:14:11.921Z" },
    { url = "https://files.pythonhosted.org/packages/f1/cc/29c0f5d64ab8eae20f3232da8f8571660aa0ab4b8f1331da5c2f5f9a938e/pillow-11.3.0-cp311-cp311-win_amd64.whl", hash = "sha256:1a992e86b0dd7aeb1f053cd506508c0999d710a8f07b4c791c63843fc6a807ac", size = 6986055, upload-time = "2025-07-01T09:14:13.623Z" },
    { url = "https://files.pythonhosted.org/packages/c6/df/90bd886fabd544c25addd63e5ca6932c86f2b701d5da6c7839387a076b4a/pillow-11.3.0-cp311-cp311-win_arm64.whl", hash = "sha256:30807c931ff7c095620fe04448e2c2fc673fcbb1ffe2a7da3fb39613489b1ddd", size = 2423079, upload-time = "2025-07-01T09:14:15.268Z" },
    { url = "https://files.pythonhosted.org/packages/9e/e3/6fa84033758276fb31da12e5fb66ad747ae83b93c67af17f8c6ff4cc8f34/pillow-11.3.0-pp311-pypy311_pp73-macosx_10_15_x86_64.whl", hash = "sha256:7c8ec7a017ad1bd562f93dbd8505763e688d388cde6e4a010ae1486916e713e6", size = 5270566, upload-time = "2025-07-01T09:16:19.801Z" },
    { url = "https://files.pythonhosted.org/packages/5b/ee/e8d2e1ab4892970b561e1ba96cbd59c0d28cf66737fc44abb2aec3795a4e/pillow-11.3.0-pp311-pypy311_pp73-macosx_11_0_arm64.whl", hash = "sha256:9ab6ae226de48019caa8074894544af5b53a117ccb9d3b3dcb2871464c829438", size = 4654618, upload-time = "2025-07-01T09:16:21.818Z" },
    { url = "https://files.pythonhosted.org/packages/f2/6d/17f80f4e1f0761f02160fc433abd4109fa1548dcfdca46cfdadaf9efa565/pillow-11.3.0-pp311-pypy311_pp73-manylinux2014_aarch64.manylinux_2_17_aarch64.whl", hash = "sha256:fe27fb049cdcca11f11a7bfda64043c37b30e6b91f10cb5bab275806c32f6ab3", size = 4874248, upload-time = "2025-07-03T13:11:20.738Z" },
    { url = "https://files.pythonhosted.org/packages/de/5f/c22340acd61cef960130585bbe2120e2fd8434c214802f07e8c03596b17e/pillow-11.3.0-pp311-pypy311_pp73-manylinux2014_x86_64.manylinux_2_17_x86_64.whl", hash = "sha256:465b9e8844e3c3519a983d58b80be3f668e2a7a5db97f2784e7079fbc9f9822c", size = 6583963, upload-time = "2025-07-03T13:11:26.283Z" },
    { url = "https://files.pythonhosted.org/packages/31/5e/03966aedfbfcbb4d5f8aa042452d3361f325b963ebbadddac05b122e47dd/pillow-11.3.0-pp311-pypy311_pp73-manylinux_2_27_aarch64.manylinux_2_28_aarch64.whl", hash = "sha256:5418b53c0d59b3824d05e029669efa023bbef0f3e92e75ec8428f3799487f361", size = 4957170, upload-time = "2025-07-01T09:16:23.762Z" },
    { url = "https://files.pythonhosted.org/packages/cc/2d/e082982aacc927fc2cab48e1e731bdb1643a1406acace8bed0900a61464e/pillow-11.3.0-pp311-pypy311_pp73-manylinux_2_27_x86_64.manylinux_2_28_x86_64.whl", hash = "sha256:504b6f59505f08ae014f724b6207ff6222662aab5cc9542577fb084ed0676ac7", size = 5581505, upload-time = "2025-07-01T09:16:25.593Z" },
    { url = "https://files.pythonhosted.org/packages/34/e7/ae39f538fd6844e982063c3a5e4598b8ced43b9633baa3a85ef33af8c05c/pillow-11.3.0-pp311-pypy311_pp73-win_amd64.whl", hash = "sha256:c84d689db21a1c397d001aa08241044aa2069e7587b398c8cc63020390b1c1b8", size = 6984598, upload-time = "2025-07-01T09:16:27.732Z" },
]

[[package]]
name = "pyparsing"
version = "3.0.9"
source = { registry = "https://pypi.org/simple" }
sdist = { url = "https://files.pythonhosted.org/packages/71/22/207523d16464c40a0310d2d4d8926daffa00ac1f5b1576170a32db749636/pyparsing-3.0.9.tar.gz", hash = "sha256:2b020ecf7d21b687f219b71ecad3631f644a47f01403fa1d1036b0c6416d70fb", size = 1999906, upload-time = "2022-05-10T23:26:05.963Z" }
wheels = [
    { url = "https://files.pythonhosted.org/packages/6c/10/a7d0fa5baea8fe7b50f448ab742f26f52b80bfca85ac2be9d35cdd9a3246/pyparsing-3.0.9-py3-none-any.whl", hash = "sha256:5026bae9a10eeaefb61dab2f09052b9f4307d44aee4eda64b309723d8d206bbc", size = 98338, upload-time = "2022-05-10T23:26:03.201Z" },
]

[[package]]
name = "python-dateutil"
version = "2.9.0.post0"
source = { registry = "https://pypi.org/simple" }
dependencies = [
    { name = "six" },
]
sdist = { url = "https://files.pythonhosted.org/packages/66/c0/0c8b6ad9f17a802ee498c46e004a0eb49bc148f2fd230864601a86dcf6db/python-dateutil-2.9.0.post0.tar.gz", hash = "sha256:37dd54208da7e1cd875388217d5e00ebd4179249f90fb72437e91a35459a0ad3", size = 342432, upload-time = "2024-03-01T18:36:20.211Z" }
wheels = [
    { url = "https://files.pythonhosted.org/packages/ec/57/56b9bcc3c9c6a792fcbaf139543cee77261f3651ca9da0c93f5c1221264b/python_dateutil-2.9.0.post0-py2.py3-none-any.whl", hash = "sha256:a8b2bc7bffae282281c8140a97d3aa9c14da0b136dfe83f850eea9a5f7470427", size = 229892, upload-time = "2024-03-01T18:36:18.57Z" },
]

[[package]]
name = "pytz"
version = "2025.2"
source = { registry = "https://pypi.org/simple" }
sdist = { url = "https://files.pythonhosted.org/packages/f8/bf/abbd3cdfb8fbc7fb3d4d38d320f2441b1e7cbe29be4f23797b4a2b5d8aac/pytz-2025.2.tar.gz", hash = "sha256:360b9e3dbb49a209c21ad61809c7fb453643e048b38924c765813546746e81c3", size = 320884, upload-time = "2025-03-25T02:25:00.538Z" }
wheels = [
    { url = "https://files.pythonhosted.org/packages/81/c4/34e93fe5f5429d7570ec1fa436f1986fb1f00c3e0f43a589fe2bbcd22c3f/pytz-2025.2-py2.py3-none-any.whl", hash = "sha256:5ddf76296dd8c44c26eb8f4b6f35488f3ccbf6fbbd7adee0b7262d43f0ec2f00", size = 509225, upload-time = "2025-03-25T02:24:58.468Z" },
]

[[package]]
name = "scikit-learn"
version = "1.3.0"
source = { registry = "https://pypi.org/simple" }
dependencies = [
    { name = "joblib" },
    { name = "numpy" },
    { name = "scipy" },
    { name = "threadpoolctl" },
]
sdist = { url = "https://files.pythonhosted.org/packages/72/cd/4761675df1b3dd93072c89697278f3ed3dc004a60c034cd2603c43ff64b5/scikit-learn-1.3.0.tar.gz", hash = "sha256:8be549886f5eda46436b6e555b0e4873b4f10aa21c07df45c4bc1735afbccd7a", size = 7483039, upload-time = "2023-06-30T07:56:11.725Z" }
wheels = [
    { url = "https://files.pythonhosted.org/packages/e8/dd/41bc4dfa519bc1a0617b68496120c472f1a1a5db264132d1530c43f059a8/scikit_learn-1.3.0-cp311-cp311-macosx_10_9_x86_64.whl", hash = "sha256:79970a6d759eb00a62266a31e2637d07d2d28446fca8079cf9afa7c07b0427f8", size = 10100577, upload-time = "2023-06-30T07:55:15.562Z" },
    { url = "https://files.pythonhosted.org/packages/18/36/60b58b6199547b7b46be03e05508d053162fbce146639bfc65609fa49b23/scikit_learn-1.3.0-cp311-cp311-macosx_12_0_arm64.whl", hash = "sha256:850a00b559e636b23901aabbe79b73dc604b4e4248ba9e2d6e72f95063765603", size = 9368107, upload-time = "2023-06-30T07:55:18.663Z" },
    { url = "https://files.pythonhosted.org/packages/e1/c9/611576b79150f3adbf2b604c57daa45b5efa225bb71e337d2d8853f6fdfd/scikit_learn-1.3.0-cp311-cp311-manylinux_2_17_aarch64.manylinux2014_aarch64.whl", hash = "sha256:ee04835fb016e8062ee9fe9074aef9b82e430504e420bff51e3e5fffe72750ca", size = 10270015, upload-time = "2023-06-30T07:55:22.045Z" },
    { url = "https://files.pythonhosted.org/packages/1f/ad/9799aabeabcb9a293c87b6f96cc78655b8abc7d35560cd99007093b5d445/scikit_learn-1.3.0-cp311-cp311-manylinux_2_17_x86_64.manylinux2014_x86_64.whl", hash = "sha256:9d953531f5d9f00c90c34fa3b7d7cfb43ecff4c605dac9e4255a20b114a27369", size = 10871748, upload-time = "2023-06-30T07:55:25.939Z" },
    { url = "https://files.pythonhosted.org/packages/77/85/bff3a1e818ec6aa3dd466ff4f4b0a727db9fdb41f2e849747ad902ddbe95/scikit_learn-1.3.0-cp311-cp311-win_amd64.whl", hash = "sha256:151ac2bf65ccf363664a689b8beafc9e6aae36263db114b4ca06fbbbf827444a", size = 9193270, upload-time = "2023-06-30T07:55:29.153Z" },
]

[[package]]
name = "scipy"
version = "1.15.3"
source = { registry = "https://pypi.org/simple" }
dependencies = [
    { name = "numpy" },
]
sdist = { url = "https://files.pythonhosted.org/packages/0f/37/6964b830433e654ec7485e45a00fc9a27cf868d622838f6b6d9c5ec0d532/scipy-1.15.3.tar.gz", hash = "sha256:eae3cf522bc7df64b42cad3925c876e1b0b6c35c1337c93e12c0f366f55b0eaf", size = 59419214, upload-time = "2025-05-08T16:13:05.955Z" }
wheels = [
    { url = "https://files.pythonhosted.org/packages/96/ab/5cc9f80f28f6a7dff646c5756e559823614a42b1939d86dd0ed550470210/scipy-1.15.3-cp311-cp311-macosx_10_13_x86_64.whl", hash = "sha256:993439ce220d25e3696d1b23b233dd010169b62f6456488567e830654ee37a6b", size = 38714255, upload-time = "2025-05-08T16:05:14.596Z" },
    { url = "https://files.pythonhosted.org/packages/4a/4a/66ba30abe5ad1a3ad15bfb0b59d22174012e8056ff448cb1644deccbfed2/scipy-1.15.3-cp311-cp311-macosx_12_0_arm64.whl", hash = "sha256:34716e281f181a02341ddeaad584205bd2fd3c242063bd3423d61ac259ca7eba", size = 30111035, upload-time = "2025-05-08T16:05:20.152Z" },
    { url = "https://files.pythonhosted.org/packages/4b/fa/a7e5b95afd80d24313307f03624acc65801846fa75599034f8ceb9e2cbf6/scipy-1.15.3-cp311-cp311-macosx_14_0_arm64.whl", hash = "sha256:3b0334816afb8b91dab859281b1b9786934392aa3d527cd847e41bb6f45bee65", size = 22384499, upload-time = "2025-05-08T16:05:24.494Z" },
    { url = "https://files.pythonhosted.org/packages/17/99/f3aaddccf3588bb4aea70ba35328c204cadd89517a1612ecfda5b2dd9d7a/scipy-1.15.3-cp311-cp311-macosx_14_0_x86_64.whl", hash = "sha256:6db907c7368e3092e24919b5e31c76998b0ce1684d51a90943cb0ed1b4ffd6c1", size = 25152602, upload-time = "2025-05-08T16:05:29.313Z" },
    { url = "https://files.pythonhosted.org/packages/56/c5/1032cdb565f146109212153339f9cb8b993701e9fe56b1c97699eee12586/scipy-1.15.3-cp311-cp311-manylinux_2_17_aarch64.manylinux2014_aarch64.whl", hash = "sha256:721d6b4ef5dc82ca8968c25b111e307083d7ca9091bc38163fb89243e85e3889", size = 35503415, upload-time = "2025-05-08T16:05:34.699Z" },
    { url = "https://files.pythonhosted.org/packages/bd/37/89f19c8c05505d0601ed5650156e50eb881ae3918786c8fd7262b4ee66d3/scipy-1.15.3-cp311-cp311-manylinux_2_17_x86_64.manylinux2014_x86_64.whl", hash = "sha256:39cb9c62e471b1bb3750066ecc3a3f3052b37751c7c3dfd0fd7e48900ed52982", size = 37652622, upload-time = "2025-05-08T16:05:40.762Z" },
    { url = "https://files.pythonhosted.org/packages/7e/31/be59513aa9695519b18e1851bb9e487de66f2d31f835201f1b42f5d4d475/scipy-1.15.3-cp311-cp311-musllinux_1_2_aarch64.whl", hash = "sha256:795c46999bae845966368a3c013e0e00947932d68e235702b5c3f6ea799aa8c9", size = 37244796, upload-time = "2025-05-08T16:05:48.119Z" },
    { url = "https://files.pythonhosted.org/packages/10/c0/4f5f3eeccc235632aab79b27a74a9130c6c35df358129f7ac8b29f562ac7/scipy-1.15.3-cp311-cp311-musllinux_1_2_x86_64.whl", hash = "sha256:18aaacb735ab38b38db42cb01f6b92a2d0d4b6aabefeb07f02849e47f8fb3594", size = 40047684, upload-time = "2025-05-08T16:05:54.22Z" },
    { url = "https://files.pythonhosted.org/packages/ab/a7/0ddaf514ce8a8714f6ed243a2b391b41dbb65251affe21ee3077ec45ea9a/scipy-1.15.3-cp311-cp311-win_amd64.whl", hash = "sha256:ae48a786a28412d744c62fd7816a4118ef97e5be0bee968ce8f0a2fba7acf3bb", size = 41246504, upload-time = "2025-05-08T16:06:00.437Z" },
]

[[package]]
name = "seaborn"
version = "0.13.2"
source = { registry = "https://pypi.org/simple" }
dependencies = [
    { name = "matplotlib" },
    { name = "numpy" },
    { name = "pandas" },
]
sdist = { url = "https://files.pythonhosted.org/packages/86/59/a451d7420a77ab0b98f7affa3a1d78a313d2f7281a57afb1a34bae8ab412/seaborn-0.13.2.tar.gz", hash = "sha256:93e60a40988f4d65e9f4885df477e2fdaff6b73a9ded434c1ab356dd57eefff7", size = 1457696, upload-time = "2024-01-25T13:21:52.551Z" }
wheels = [
    { url = "https://files.pythonhosted.org/packages/83/11/00d3c3dfc25ad54e731d91449895a79e4bf2384dc3ac01809010ba88f6d5/seaborn-0.13.2-py3-none-any.whl", hash = "sha256:636f8336facf092165e27924f223d3c62ca560b1f2bb5dff7ab7fad265361987", size = 294914, upload-time = "2024-01-25T13:21:49.598Z" },
]

[[package]]
name = "six"
version = "1.17.0"
source = { registry = "https://pypi.org/simple" }
sdist = { url = "https://files.pythonhosted.org/packages/94/e7/b2c673351809dca68a0e064b6af791aa332cf192da575fd474ed7d6f16a2/six-1.17.0.tar.gz", hash = "sha256:ff70335d468e7eb6ec65b95b99d3a2836546063f63acc5171de367e834932a81", size = 34031, upload-time = "2024-12-04T17:35:28.174Z" }
wheels = [
    { url = "https://files.pythonhosted.org/packages/b7/ce/149a00dd41f10bc29e5921b496af8b574d8413afcd5e30dfa0ed46c2cc5e/six-1.17.0-py2.py3-none-any.whl", hash = "sha256:4721f391ed90541fddacab5acf947aa0d3dc7d27b2e1e8eda2be8970586c3274", size = 11050, upload-time = "2024-12-04T17:35:26.475Z" },
]

[[package]]
name = "threadpoolctl"
version = "3.6.0"
source = { registry = "https://pypi.org/simple" }
sdist = { url = "https://files.pythonhosted.org/packages/b7/4d/08c89e34946fce2aec4fbb45c9016efd5f4d7f24af8e5d93296e935631d8/threadpoolctl-3.6.0.tar.gz", hash = "sha256:8ab8b4aa3491d812b623328249fab5302a68d2d71745c8a4c719a2fcaba9f44e", size = 21274, upload-time = "2025-03-13T13:49:23.031Z" }
wheels = [
    { url = "https://files.pythonhosted.org/packages/32/d5/f9a850d79b0851d1d4ef6456097579a9005b31fea68726a4ae5f2d82ddd9/threadpoolctl-3.6.0-py3-none-any.whl", hash = "sha256:43a0b8fd5a2928500110039e43a5eed8480b918967083ea48dc3ab9f13c4a7fb", size = 18638, upload-time = "2025-03-13T13:49:21.846Z" },
]
